// !$*UTF8*$!
{
	archiveVersion = 1;
	classes = {
	};
	objectVersion = 56;
	objects = {

/* Begin PBXBuildFile section */
		A0D2268D299507D300728ADA /* TogglTestProjectApp.swift in Sources */ = {isa = PBXBuildFile; fileRef = A0D2268C299507D300728ADA /* TogglTestProjectApp.swift */; };
		A0D2268F299507D300728ADA /* ContentView.swift in Sources */ = {isa = PBXBuildFile; fileRef = A0D2268E299507D300728ADA /* ContentView.swift */; };
		A0D22691299507D500728ADA /* Assets.xcassets in Resources */ = {isa = PBXBuildFile; fileRef = A0D22690299507D500728ADA /* Assets.xcassets */; };
		A0D22694299507D500728ADA /* Preview Assets.xcassets in Resources */ = {isa = PBXBuildFile; fileRef = A0D22693299507D500728ADA /* Preview Assets.xcassets */; };
		A0D226BD2995084A00728ADA /* FormatDate.swift in Sources */ = {isa = PBXBuildFile; fileRef = A0D226BC2995084A00728ADA /* FormatDate.swift */; };
		A0D226BF2995085200728ADA /* FormatTime.swift in Sources */ = {isa = PBXBuildFile; fileRef = A0D226BE2995085200728ADA /* FormatTime.swift */; };
		A0D226C12995085900728ADA /* DataController.swift in Sources */ = {isa = PBXBuildFile; fileRef = A0D226C02995085900728ADA /* DataController.swift */; };
		A0D226C42995087100728ADA /* ActivityModel.xcdatamodeld in Sources */ = {isa = PBXBuildFile; fileRef = A0D226C22995087100728ADA /* ActivityModel.xcdatamodeld */; };
		A0D226C6299508B200728ADA /* ActivityDetailView.swift in Sources */ = {isa = PBXBuildFile; fileRef = A0D226C5299508B200728ADA /* ActivityDetailView.swift */; };
		A0D226C8299508B800728ADA /* BlankView.swift in Sources */ = {isa = PBXBuildFile; fileRef = A0D226C7299508B800728ADA /* BlankView.swift */; };
		A0D226CA299508C700728ADA /* NewActivityView.swift in Sources */ = {isa = PBXBuildFile; fileRef = A0D226C9299508C700728ADA /* NewActivityView.swift */; };
		A0D226CC299508D200728ADA /* ActivityCardView.swift in Sources */ = {isa = PBXBuildFile; fileRef = A0D226CB299508D200728ADA /* ActivityCardView.swift */; };
		A0D226CE2995091800728ADA /* InfoCard.swift in Sources */ = {isa = PBXBuildFile; fileRef = A0D226CD2995091800728ADA /* InfoCard.swift */; };
		A0D226D02995091F00728ADA /* Subtitle.swift in Sources */ = {isa = PBXBuildFile; fileRef = A0D226CF2995091F00728ADA /* Subtitle.swift */; };
		A0D226D22995095700728ADA /* DataControllerTests.swift in Sources */ = {isa = PBXBuildFile; fileRef = A0D226D12995095700728ADA /* DataControllerTests.swift */; };
/* End PBXBuildFile section */

/* Begin PBXContainerItemProxy section */
		A0D2269A299507D500728ADA /* PBXContainerItemProxy */ = {
			isa = PBXContainerItemProxy;
			containerPortal = A0D22681299507D300728ADA /* Project object */;
			proxyType = 1;
			remoteGlobalIDString = A0D22688299507D300728ADA;
			remoteInfo = TogglTestProject;
		};
/* End PBXContainerItemProxy section */

/* Begin PBXFileReference section */
		A0D22689299507D300728ADA /* TogglTestProject.app */ = {isa = PBXFileReference; explicitFileType = wrapper.application; includeInIndex = 0; path = TogglTestProject.app; sourceTree = BUILT_PRODUCTS_DIR; };
		A0D2268C299507D300728ADA /* TogglTestProjectApp.swift */ = {isa = PBXFileReference; lastKnownFileType = sourcecode.swift; path = TogglTestProjectApp.swift; sourceTree = "<group>"; };
		A0D2268E299507D300728ADA /* ContentView.swift */ = {isa = PBXFileReference; lastKnownFileType = sourcecode.swift; path = ContentView.swift; sourceTree = "<group>"; };
		A0D22690299507D500728ADA /* Assets.xcassets */ = {isa = PBXFileReference; lastKnownFileType = folder.assetcatalog; path = Assets.xcassets; sourceTree = "<group>"; };
		A0D22693299507D500728ADA /* Preview Assets.xcassets */ = {isa = PBXFileReference; lastKnownFileType = folder.assetcatalog; path = "Preview Assets.xcassets"; sourceTree = "<group>"; };
		A0D22699299507D500728ADA /* TogglTestProjectTests.xctest */ = {isa = PBXFileReference; explicitFileType = wrapper.cfbundle; includeInIndex = 0; path = TogglTestProjectTests.xctest; sourceTree = BUILT_PRODUCTS_DIR; };
		A0D226BC2995084A00728ADA /* FormatDate.swift */ = {isa = PBXFileReference; fileEncoding = 4; lastKnownFileType = sourcecode.swift; path = FormatDate.swift; sourceTree = "<group>"; };
		A0D226BE2995085200728ADA /* FormatTime.swift */ = {isa = PBXFileReference; fileEncoding = 4; lastKnownFileType = sourcecode.swift; path = FormatTime.swift; sourceTree = "<group>"; };
		A0D226C02995085900728ADA /* DataController.swift */ = {isa = PBXFileReference; fileEncoding = 4; lastKnownFileType = sourcecode.swift; path = DataController.swift; sourceTree = "<group>"; };
		A0D226C32995087100728ADA /* ActivityModel.xcdatamodel */ = {isa = PBXFileReference; lastKnownFileType = wrapper.xcdatamodel; path = ActivityModel.xcdatamodel; sourceTree = "<group>"; };
		A0D226C5299508B200728ADA /* ActivityDetailView.swift */ = {isa = PBXFileReference; fileEncoding = 4; lastKnownFileType = sourcecode.swift; path = ActivityDetailView.swift; sourceTree = "<group>"; };
		A0D226C7299508B800728ADA /* BlankView.swift */ = {isa = PBXFileReference; fileEncoding = 4; lastKnownFileType = sourcecode.swift; path = BlankView.swift; sourceTree = "<group>"; };
		A0D226C9299508C700728ADA /* NewActivityView.swift */ = {isa = PBXFileReference; fileEncoding = 4; lastKnownFileType = sourcecode.swift; path = NewActivityView.swift; sourceTree = "<group>"; };
		A0D226CB299508D200728ADA /* ActivityCardView.swift */ = {isa = PBXFileReference; fileEncoding = 4; lastKnownFileType = sourcecode.swift; path = ActivityCardView.swift; sourceTree = "<group>"; };
		A0D226CD2995091800728ADA /* InfoCard.swift */ = {isa = PBXFileReference; fileEncoding = 4; lastKnownFileType = sourcecode.swift; path = InfoCard.swift; sourceTree = "<group>"; };
		A0D226CF2995091F00728ADA /* Subtitle.swift */ = {isa = PBXFileReference; fileEncoding = 4; lastKnownFileType = sourcecode.swift; path = Subtitle.swift; sourceTree = "<group>"; };
		A0D226D12995095700728ADA /* DataControllerTests.swift */ = {isa = PBXFileReference; lastKnownFileType = sourcecode.swift; path = DataControllerTests.swift; sourceTree = "<group>"; };
		A0D226D92995115A00728ADA /* Info.plist */ = {isa = PBXFileReference; lastKnownFileType = text.plist; path = Info.plist; sourceTree = "<group>"; };
/* End PBXFileReference section */

/* Begin PBXFrameworksBuildPhase section */
		A0D22686299507D300728ADA /* Frameworks */ = {
			isa = PBXFrameworksBuildPhase;
			buildActionMask = 2147483647;
			files = (
			);
			runOnlyForDeploymentPostprocessing = 0;
		};
		A0D22696299507D500728ADA /* Frameworks */ = {
			isa = PBXFrameworksBuildPhase;
			buildActionMask = 2147483647;
			files = (
			);
			runOnlyForDeploymentPostprocessing = 0;
		};
/* End PBXFrameworksBuildPhase section */

/* Begin PBXGroup section */
		A0D22680299507D300728ADA = {
			isa = PBXGroup;
			children = (
				A0D2268B299507D300728ADA /* TogglTestProject */,
				A0D2269C299507D500728ADA /* TogglTestProjectTests */,
				A0D2268A299507D300728ADA /* Products */,
			);
			sourceTree = "<group>";
		};
		A0D2268A299507D300728ADA /* Products */ = {
			isa = PBXGroup;
			children = (
				A0D22689299507D300728ADA /* TogglTestProject.app */,
				A0D22699299507D500728ADA /* TogglTestProjectTests.xctest */,
			);
			name = Products;
			sourceTree = "<group>";
		};
		A0D2268B299507D300728ADA /* TogglTestProject */ = {
			isa = PBXGroup;
			children = (
				A0D226D92995115A00728ADA /* Info.plist */,
				A0D2268C299507D300728ADA /* TogglTestProjectApp.swift */,
				A0D226B92995081700728ADA /* ViewComponents */,
				A0D226B82995081100728ADA /* Helpers */,
				A0D226B72995080800728ADA /* DataModel */,
				A0D226B62995080400728ADA /* Views */,
				A0D22690299507D500728ADA /* Assets.xcassets */,
				A0D22692299507D500728ADA /* Preview Content */,
			);
			path = TogglTestProject;
			sourceTree = "<group>";
		};
		A0D22692299507D500728ADA /* Preview Content */ = {
			isa = PBXGroup;
			children = (
				A0D22693299507D500728ADA /* Preview Assets.xcassets */,
			);
			path = "Preview Content";
			sourceTree = "<group>";
		};
		A0D2269C299507D500728ADA /* TogglTestProjectTests */ = {
			isa = PBXGroup;
			children = (
				A0D226D12995095700728ADA /* DataControllerTests.swift */,
			);
			path = TogglTestProjectTests;
			sourceTree = "<group>";
		};
		A0D226B62995080400728ADA /* Views */ = {
			isa = PBXGroup;
			children = (
				A0D2268E299507D300728ADA /* ContentView.swift */,
				A0D226C5299508B200728ADA /* ActivityDetailView.swift */,
				A0D226C7299508B800728ADA /* BlankView.swift */,
				A0D226C9299508C700728ADA /* NewActivityView.swift */,
				A0D226CB299508D200728ADA /* ActivityCardView.swift */,
			);
			path = Views;
			sourceTree = "<group>";
		};
		A0D226B72995080800728ADA /* DataModel */ = {
			isa = PBXGroup;
			children = (
				A0D226C22995087100728ADA /* ActivityModel.xcdatamodeld */,
				A0D226C02995085900728ADA /* DataController.swift */,
			);
			path = DataModel;
			sourceTree = "<group>";
		};
		A0D226B82995081100728ADA /* Helpers */ = {
			isa = PBXGroup;
			children = (
				A0D226BC2995084A00728ADA /* FormatDate.swift */,
				A0D226BE2995085200728ADA /* FormatTime.swift */,
			);
			path = Helpers;
			sourceTree = "<group>";
		};
		A0D226B92995081700728ADA /* ViewComponents */ = {
			isa = PBXGroup;
			children = (
				A0D226CD2995091800728ADA /* InfoCard.swift */,
				A0D226CF2995091F00728ADA /* Subtitle.swift */,
			);
			path = ViewComponents;
			sourceTree = "<group>";
		};
/* End PBXGroup section */

/* Begin PBXNativeTarget section */
		A0D22688299507D300728ADA /* TogglTestProject */ = {
			isa = PBXNativeTarget;
			buildConfigurationList = A0D226AD299507D600728ADA /* Build configuration list for PBXNativeTarget "TogglTestProject" */;
			buildPhases = (
				A0D22685299507D300728ADA /* Sources */,
				A0D22686299507D300728ADA /* Frameworks */,
				A0D22687299507D300728ADA /* Resources */,
			);
			buildRules = (
			);
			dependencies = (
			);
			name = TogglTestProject;
			productName = TogglTestProject;
			productReference = A0D22689299507D300728ADA /* TogglTestProject.app */;
			productType = "com.apple.product-type.application";
		};
		A0D22698299507D500728ADA /* TogglTestProjectTests */ = {
			isa = PBXNativeTarget;
			buildConfigurationList = A0D226B0299507D600728ADA /* Build configuration list for PBXNativeTarget "TogglTestProjectTests" */;
			buildPhases = (
				A0D22695299507D500728ADA /* Sources */,
				A0D22696299507D500728ADA /* Frameworks */,
				A0D22697299507D500728ADA /* Resources */,
			);
			buildRules = (
			);
			dependencies = (
				A0D2269B299507D500728ADA /* PBXTargetDependency */,
			);
			name = TogglTestProjectTests;
			productName = TogglTestProjectTests;
			productReference = A0D22699299507D500728ADA /* TogglTestProjectTests.xctest */;
			productType = "com.apple.product-type.bundle.unit-test";
		};
/* End PBXNativeTarget section */

/* Begin PBXProject section */
		A0D22681299507D300728ADA /* Project object */ = {
			isa = PBXProject;
			attributes = {
				BuildIndependentTargetsInParallel = 1;
				LastSwiftUpdateCheck = 1420;
				LastUpgradeCheck = 1420;
				TargetAttributes = {
					A0D22688299507D300728ADA = {
						CreatedOnToolsVersion = 14.2;
					};
					A0D22698299507D500728ADA = {
						CreatedOnToolsVersion = 14.2;
						TestTargetID = A0D22688299507D300728ADA;
					};
				};
			};
			buildConfigurationList = A0D22684299507D300728ADA /* Build configuration list for PBXProject "TogglTestProject" */;
			compatibilityVersion = "Xcode 14.0";
			developmentRegion = en;
			hasScannedForEncodings = 0;
			knownRegions = (
				en,
				Base,
			);
			mainGroup = A0D22680299507D300728ADA;
			productRefGroup = A0D2268A299507D300728ADA /* Products */;
			projectDirPath = "";
			projectRoot = "";
			targets = (
				A0D22688299507D300728ADA /* TogglTestProject */,
				A0D22698299507D500728ADA /* TogglTestProjectTests */,
			);
		};
/* End PBXProject section */

/* Begin PBXResourcesBuildPhase section */
		A0D22687299507D300728ADA /* Resources */ = {
			isa = PBXResourcesBuildPhase;
			buildActionMask = 2147483647;
			files = (
				A0D22694299507D500728ADA /* Preview Assets.xcassets in Resources */,
				A0D22691299507D500728ADA /* Assets.xcassets in Resources */,
			);
			runOnlyForDeploymentPostprocessing = 0;
		};
		A0D22697299507D500728ADA /* Resources */ = {
			isa = PBXResourcesBuildPhase;
			buildActionMask = 2147483647;
			files = (
			);
			runOnlyForDeploymentPostprocessing = 0;
		};
/* End PBXResourcesBuildPhase section */

/* Begin PBXSourcesBuildPhase section */
		A0D22685299507D300728ADA /* Sources */ = {
			isa = PBXSourcesBuildPhase;
			buildActionMask = 2147483647;
			files = (
				A0D226C42995087100728ADA /* ActivityModel.xcdatamodeld in Sources */,
				A0D226C12995085900728ADA /* DataController.swift in Sources */,
				A0D2268F299507D300728ADA /* ContentView.swift in Sources */,
				A0D226BD2995084A00728ADA /* FormatDate.swift in Sources */,
				A0D226CA299508C700728ADA /* NewActivityView.swift in Sources */,
				A0D2268D299507D300728ADA /* TogglTestProjectApp.swift in Sources */,
				A0D226CE2995091800728ADA /* InfoCard.swift in Sources */,
				A0D226C8299508B800728ADA /* BlankView.swift in Sources */,
				A0D226BF2995085200728ADA /* FormatTime.swift in Sources */,
				A0D226D02995091F00728ADA /* Subtitle.swift in Sources */,
				A0D226C6299508B200728ADA /* ActivityDetailView.swift in Sources */,
				A0D226CC299508D200728ADA /* ActivityCardView.swift in Sources */,
			);
			runOnlyForDeploymentPostprocessing = 0;
		};
		A0D22695299507D500728ADA /* Sources */ = {
			isa = PBXSourcesBuildPhase;
			buildActionMask = 2147483647;
			files = (
				A0D226D22995095700728ADA /* DataControllerTests.swift in Sources */,
			);
			runOnlyForDeploymentPostprocessing = 0;
		};
/* End PBXSourcesBuildPhase section */

/* Begin PBXTargetDependency section */
		A0D2269B299507D500728ADA /* PBXTargetDependency */ = {
			isa = PBXTargetDependency;
			target = A0D22688299507D300728ADA /* TogglTestProject */;
			targetProxy = A0D2269A299507D500728ADA /* PBXContainerItemProxy */;
		};
/* End PBXTargetDependency section */

/* Begin XCBuildConfiguration section */
		A0D226AB299507D600728ADA /* Debug */ = {
			isa = XCBuildConfiguration;
			buildSettings = {
				ALWAYS_SEARCH_USER_PATHS = NO;
				CLANG_ANALYZER_NONNULL = YES;
				CLANG_ANALYZER_NUMBER_OBJECT_CONVERSION = YES_AGGRESSIVE;
				CLANG_CXX_LANGUAGE_STANDARD = "gnu++20";
				CLANG_ENABLE_MODULES = YES;
				CLANG_ENABLE_OBJC_ARC = YES;
				CLANG_ENABLE_OBJC_WEAK = YES;
				CLANG_WARN_BLOCK_CAPTURE_AUTORELEASING = YES;
				CLANG_WARN_BOOL_CONVERSION = YES;
				CLANG_WARN_COMMA = YES;
				CLANG_WARN_CONSTANT_CONVERSION = YES;
				CLANG_WARN_DEPRECATED_OBJC_IMPLEMENTATIONS = YES;
				CLANG_WARN_DIRECT_OBJC_ISA_USAGE = YES_ERROR;
				CLANG_WARN_DOCUMENTATION_COMMENTS = YES;
				CLANG_WARN_EMPTY_BODY = YES;
				CLANG_WARN_ENUM_CONVERSION = YES;
				CLANG_WARN_INFINITE_RECURSION = YES;
				CLANG_WARN_INT_CONVERSION = YES;
				CLANG_WARN_NON_LITERAL_NULL_CONVERSION = YES;
				CLANG_WARN_OBJC_IMPLICIT_RETAIN_SELF = YES;
				CLANG_WARN_OBJC_LITERAL_CONVERSION = YES;
				CLANG_WARN_OBJC_ROOT_CLASS = YES_ERROR;
				CLANG_WARN_QUOTED_INCLUDE_IN_FRAMEWORK_HEADER = YES;
				CLANG_WARN_RANGE_LOOP_ANALYSIS = YES;
				CLANG_WARN_STRICT_PROTOTYPES = YES;
				CLANG_WARN_SUSPICIOUS_MOVE = YES;
				CLANG_WARN_UNGUARDED_AVAILABILITY = YES_AGGRESSIVE;
				CLANG_WARN_UNREACHABLE_CODE = YES;
				CLANG_WARN__DUPLICATE_METHOD_MATCH = YES;
				COPY_PHASE_STRIP = NO;
				DEBUG_INFORMATION_FORMAT = dwarf;
				ENABLE_STRICT_OBJC_MSGSEND = YES;
				ENABLE_TESTABILITY = YES;
				GCC_C_LANGUAGE_STANDARD = gnu11;
				GCC_DYNAMIC_NO_PIC = NO;
				GCC_NO_COMMON_BLOCKS = YES;
				GCC_OPTIMIZATION_LEVEL = 0;
				GCC_PREPROCESSOR_DEFINITIONS = (
					"DEBUG=1",
					"$(inherited)",
				);
				GCC_WARN_64_TO_32_BIT_CONVERSION = YES;
				GCC_WARN_ABOUT_RETURN_TYPE = YES_ERROR;
				GCC_WARN_UNDECLARED_SELECTOR = YES;
				GCC_WARN_UNINITIALIZED_AUTOS = YES_AGGRESSIVE;
				GCC_WARN_UNUSED_FUNCTION = YES;
				GCC_WARN_UNUSED_VARIABLE = YES;
				IPHONEOS_DEPLOYMENT_TARGET = 16.2;
				MTL_ENABLE_DEBUG_INFO = INCLUDE_SOURCE;
				MTL_FAST_MATH = YES;
				ONLY_ACTIVE_ARCH = YES;
				SDKROOT = iphoneos;
				SWIFT_ACTIVE_COMPILATION_CONDITIONS = DEBUG;
				SWIFT_OPTIMIZATION_LEVEL = "-Onone";
			};
			name = Debug;
		};
		A0D226AC299507D600728ADA /* Release */ = {
			isa = XCBuildConfiguration;
			buildSettings = {
				ALWAYS_SEARCH_USER_PATHS = NO;
				CLANG_ANALYZER_NONNULL = YES;
				CLANG_ANALYZER_NUMBER_OBJECT_CONVERSION = YES_AGGRESSIVE;
				CLANG_CXX_LANGUAGE_STANDARD = "gnu++20";
				CLANG_ENABLE_MODULES = YES;
				CLANG_ENABLE_OBJC_ARC = YES;
				CLANG_ENABLE_OBJC_WEAK = YES;
				CLANG_WARN_BLOCK_CAPTURE_AUTORELEASING = YES;
				CLANG_WARN_BOOL_CONVERSION = YES;
				CLANG_WARN_COMMA = YES;
				CLANG_WARN_CONSTANT_CONVERSION = YES;
				CLANG_WARN_DEPRECATED_OBJC_IMPLEMENTATIONS = YES;
				CLANG_WARN_DIRECT_OBJC_ISA_USAGE = YES_ERROR;
				CLANG_WARN_DOCUMENTATION_COMMENTS = YES;
				CLANG_WARN_EMPTY_BODY = YES;
				CLANG_WARN_ENUM_CONVERSION = YES;
				CLANG_WARN_INFINITE_RECURSION = YES;
				CLANG_WARN_INT_CONVERSION = YES;
				CLANG_WARN_NON_LITERAL_NULL_CONVERSION = YES;
				CLANG_WARN_OBJC_IMPLICIT_RETAIN_SELF = YES;
				CLANG_WARN_OBJC_LITERAL_CONVERSION = YES;
				CLANG_WARN_OBJC_ROOT_CLASS = YES_ERROR;
				CLANG_WARN_QUOTED_INCLUDE_IN_FRAMEWORK_HEADER = YES;
				CLANG_WARN_RANGE_LOOP_ANALYSIS = YES;
				CLANG_WARN_STRICT_PROTOTYPES = YES;
				CLANG_WARN_SUSPICIOUS_MOVE = YES;
				CLANG_WARN_UNGUARDED_AVAILABILITY = YES_AGGRESSIVE;
				CLANG_WARN_UNREACHABLE_CODE = YES;
				CLANG_WARN__DUPLICATE_METHOD_MATCH = YES;
				COPY_PHASE_STRIP = NO;
				DEBUG_INFORMATION_FORMAT = "dwarf-with-dsym";
				ENABLE_NS_ASSERTIONS = NO;
				ENABLE_STRICT_OBJC_MSGSEND = YES;
				GCC_C_LANGUAGE_STANDARD = gnu11;
				GCC_NO_COMMON_BLOCKS = YES;
				GCC_WARN_64_TO_32_BIT_CONVERSION = YES;
				GCC_WARN_ABOUT_RETURN_TYPE = YES_ERROR;
				GCC_WARN_UNDECLARED_SELECTOR = YES;
				GCC_WARN_UNINITIALIZED_AUTOS = YES_AGGRESSIVE;
				GCC_WARN_UNUSED_FUNCTION = YES;
				GCC_WARN_UNUSED_VARIABLE = YES;
				IPHONEOS_DEPLOYMENT_TARGET = 16.2;
				MTL_ENABLE_DEBUG_INFO = NO;
				MTL_FAST_MATH = YES;
				SDKROOT = iphoneos;
				SWIFT_COMPILATION_MODE = wholemodule;
				SWIFT_OPTIMIZATION_LEVEL = "-O";
				VALIDATE_PRODUCT = YES;
			};
			name = Release;
		};
		A0D226AE299507D600728ADA /* Debug */ = {
			isa = XCBuildConfiguration;
			buildSettings = {
				ASSETCATALOG_COMPILER_APPICON_NAME = AppIcon;
				ASSETCATALOG_COMPILER_GLOBAL_ACCENT_COLOR_NAME = AccentColor;
				CODE_SIGN_STYLE = Automatic;
				CURRENT_PROJECT_VERSION = 1;
				DEVELOPMENT_ASSET_PATHS = "\"TogglTestProject/Preview Content\"";
				DEVELOPMENT_TEAM = 38YB7VQ8J5;
				ENABLE_PREVIEWS = YES;
				GENERATE_INFOPLIST_FILE = YES;
				INFOPLIST_FILE = TogglTestProject/Info.plist;
				INFOPLIST_KEY_UIApplicationSupportsIndirectInputEvents = YES;
				INFOPLIST_KEY_UILaunchScreen_Generation = YES;
				INFOPLIST_KEY_UISupportedInterfaceOrientations_iPad = "UIInterfaceOrientationPortrait UIInterfaceOrientationPortraitUpsideDown UIInterfaceOrientationLandscapeLeft UIInterfaceOrientationLandscapeRight";
				INFOPLIST_KEY_UISupportedInterfaceOrientations_iPhone = "UIInterfaceOrientationPortrait UIInterfaceOrientationLandscapeLeft UIInterfaceOrientationLandscapeRight";
				LD_RUNPATH_SEARCH_PATHS = (
					"$(inherited)",
					"@executable_path/Frameworks",
				);
				MARKETING_VERSION = 1.0;
				PRODUCT_BUNDLE_IDENTIFIER = com.gouseiitg.TogglTestProject;
				PRODUCT_NAME = "$(TARGET_NAME)";
				SWIFT_EMIT_LOC_STRINGS = YES;
				SWIFT_VERSION = 5.0;
				TARGETED_DEVICE_FAMILY = "1,2";
			};
			name = Debug;
		};
		A0D226AF299507D600728ADA /* Release */ = {
			isa = XCBuildConfiguration;
			buildSettings = {
				ASSETCATALOG_COMPILER_APPICON_NAME = AppIcon;
				ASSETCATALOG_COMPILER_GLOBAL_ACCENT_COLOR_NAME = AccentColor;
				CODE_SIGN_STYLE = Automatic;
				CURRENT_PROJECT_VERSION = 1;
				DEVELOPMENT_ASSET_PATHS = "\"TogglTestProject/Preview Content\"";
				DEVELOPMENT_TEAM = 38YB7VQ8J5;
				ENABLE_PREVIEWS = YES;
				GENERATE_INFOPLIST_FILE = YES;
				INFOPLIST_FILE = TogglTestProject/Info.plist;
				INFOPLIST_KEY_UIApplicationSupportsIndirectInputEvents = YES;
				INFOPLIST_KEY_UILaunchScreen_Generation = YES;
				INFOPLIST_KEY_UISupportedInterfaceOrientations_iPad = "UIInterfaceOrientationPortrait UIInterfaceOrientationPortraitUpsideDown UIInterfaceOrientationLandscapeLeft UIInterfaceOrientationLandscapeRight";
				INFOPLIST_KEY_UISupportedInterfaceOrientations_iPhone = "UIInterfaceOrientationPortrait UIInterfaceOrientationLandscapeLeft UIInterfaceOrientationLandscapeRight";
				LD_RUNPATH_SEARCH_PATHS = (
					"$(inherited)",
					"@executable_path/Frameworks",
				);
				MARKETING_VERSION = 1.0;
				PRODUCT_BUNDLE_IDENTIFIER = com.gouseiitg.TogglTestProject;
				PRODUCT_NAME = "$(TARGET_NAME)";
				SWIFT_EMIT_LOC_STRINGS = YES;
				SWIFT_VERSION = 5.0;
				TARGETED_DEVICE_FAMILY = "1,2";
			};
			name = Release;
		};
		A0D226B1299507D600728ADA /* Debug */ = {
			isa = XCBuildConfiguration;
			buildSettings = {
				ALWAYS_EMBED_SWIFT_STANDARD_LIBRARIES = YES;
				BUNDLE_LOADER = "$(TEST_HOST)";
				CODE_SIGN_STYLE = Automatic;
				CURRENT_PROJECT_VERSION = 1;
				DEVELOPMENT_TEAM = 38YB7VQ8J5;
				GENERATE_INFOPLIST_FILE = YES;
				IPHONEOS_DEPLOYMENT_TARGET = 16.2;
				MARKETING_VERSION = 1.0;
				PRODUCT_BUNDLE_IDENTIFIER = com.gouseiitg.TogglTestProjectTests;
				PRODUCT_NAME = "$(TARGET_NAME)";
				SWIFT_EMIT_LOC_STRINGS = NO;
				SWIFT_VERSION = 5.0;
				TARGETED_DEVICE_FAMILY = "1,2";
				TEST_HOST = "$(BUILT_PRODUCTS_DIR)/TogglTestProject.app/$(BUNDLE_EXECUTABLE_FOLDER_PATH)/TogglTestProject";
			};
			name = Debug;
		};
		A0D226B2299507D600728ADA /* Release */ = {
			isa = XCBuildConfiguration;
			buildSettings = {
				ALWAYS_EMBED_SWIFT_STANDARD_LIBRARIES = YES;
				BUNDLE_LOADER = "$(TEST_HOST)";
				CODE_SIGN_STYLE = Automatic;
				CURRENT_PROJECT_VERSION = 1;
				DEVELOPMENT_TEAM = 38YB7VQ8J5;
				GENERATE_INFOPLIST_FILE = YES;
				IPHONEOS_DEPLOYMENT_TARGET = 16.2;
				MARKETING_VERSION = 1.0;
				PRODUCT_BUNDLE_IDENTIFIER = com.gouseiitg.TogglTestProjectTests;
				PRODUCT_NAME = "$(TARGET_NAME)";
				SWIFT_EMIT_LOC_STRINGS = NO;
				SWIFT_VERSION = 5.0;
				TARGETED_DEVICE_FAMILY = "1,2";
				TEST_HOST = "$(BUILT_PRODUCTS_DIR)/TogglTestProject.app/$(BUNDLE_EXECUTABLE_FOLDER_PATH)/TogglTestProject";
			};
			name = Release;
		};
/* End XCBuildConfiguration section */

/* Begin XCConfigurationList section */
		A0D22684299507D300728ADA /* Build configuration list for PBXProject "TogglTestProject" */ = {
			isa = XCConfigurationList;
			buildConfigurations = (
				A0D226AB299507D600728ADA /* Debug */,
				A0D226AC299507D600728ADA /* Release */,
			);
			defaultConfigurationIsVisible = 0;
			defaultConfigurationName = Release;
		};
		A0D226AD299507D600728ADA /* Build configuration list for PBXNativeTarget "TogglTestProject" */ = {
			isa = XCConfigurationList;
			buildConfigurations = (
				A0D226AE299507D600728ADA /* Debug */,
				A0D226AF299507D600728ADA /* Release */,
			);
			defaultConfigurationIsVisible = 0;
			defaultConfigurationName = Release;
		};
		A0D226B0299507D600728ADA /* Build configuration list for PBXNativeTarget "TogglTestProjectTests" */ = {
			isa = XCConfigurationList;
			buildConfigurations = (
				A0D226B1299507D600728ADA /* Debug */,
				A0D226B2299507D600728ADA /* Release */,
			);
			defaultConfigurationIsVisible = 0;
			defaultConfigurationName = Release;
		};
/* End XCConfigurationList section */

/* Begin XCVersionGroup section */
		A0D226C22995087100728ADA /* ActivityModel.xcdatamodeld */ = {
			isa = XCVersionGroup;
			children = (
				A0D226C32995087100728ADA /* ActivityModel.xcdatamodel */,
			);
			currentVersion = A0D226C32995087100728ADA /* ActivityModel.xcdatamodel */;
			path = ActivityModel.xcdatamodeld;
			sourceTree = "<group>";
			versionGroupType = wrapper.xcdatamodel;
		};
/* End XCVersionGroup section */
	};
	rootObject = A0D22681299507D300728ADA /* Project object */;
}
